Microsoft Visual Studio Solution File, Format Version 12.00
# Visual Studio Version 17
VisualStudioVersion = 17.5.2.0
MinimumVisualStudioVersion = 10.0.40219.1
Project("{FAE04EC0-301F-11D3-BF4B-00C04F79EFBC}") = "accountmetrics", "accountmetrics.csproj", "{02180A77-CC4B-CAE2-07D1-3A95D0B65FCC}"
EndProject
Global
	GlobalSection(SolutionConfigurationPlatforms) = preSolution
		Debug|Any CPU = Debug|Any CPU
		Release|Any CPU = Release|Any CPU
	EndGlobalSection
	GlobalSection(ProjectConfigurationPlatforms) = postSolution
		{02180A77-CC4B-CAE2-07D1-3A95D0B65FCC}.Debug|Any CPU.ActiveCfg = Debug|Any CPU
		{02180A77-CC4B-CAE2-07D1-3A95D0B65FCC}.Debug|Any CPU.Build.0 = Debug|Any CPU
		{02180A77-CC4B-CAE2-07D1-3A95D0B65FCC}.Release|Any CPU.ActiveCfg = Release|Any CPU
		{02180A77-CC4B-CAE2-07D1-3A95D0B65FCC}.Release|Any CPU.Build.0 = Release|Any CPU
	EndGlobalSection
	GlobalSection(SolutionProperties) = preSolution
		HideSolutionNode = FALSE
	EndGlobalSection
	GlobalSection(ExtensibilityGlobals) = postSolution
		SolutionGuid = {205C124F-486C-4025-BED0-ED1F5DE33A60}
	EndGlobalSection
EndGlobal
